
Microsoft Visual Studio Solution File, Format Version 12.00
# Visual Studio 15
VisualStudioVersion = 15.0.28010.2048
MinimumVisualStudioVersion = 10.0.40219.1
Project("{FAE04EC0-301F-11D3-BF4B-00C04F79EFBC}") = "SimpleDotnetCoreWebApi", "SimpleDotnetCoreWebApi\SimpleDotnetCoreWebApi.csproj", "{10BD4CD9-0A48-4172-933B-608D6A18DB9A}"
EndProject
Global
	GlobalSection(SolutionConfigurationPlatforms) = preSolution
		Debug|Any CPU = Debug|Any CPU
		Release|Any CPU = Release|Any CPU
	EndGlobalSection
	GlobalSection(ProjectConfigurationPlatforms) = postSolution
		{10BD4CD9-0A48-4172-933B-608D6A18DB9A}.Debug|Any CPU.ActiveCfg = Debug|Any CPU
		{10BD4CD9-0A48-4172-933B-608D6A18DB9A}.Debug|Any CPU.Build.0 = Debug|Any CPU
		{10BD4CD9-0A48-4172-933B-608D6A18DB9A}.Release|Any CPU.ActiveCfg = Release|Any CPU
		{10BD4CD9-0A48-4172-933B-608D6A18DB9A}.Release|Any CPU.Build.0 = Release|Any CPU
	EndGlobalSection
	GlobalSection(SolutionProperties) = preSolution
		HideSolutionNode = FALSE
	EndGlobalSection
	GlobalSection(ExtensibilityGlobals) = postSolution
		SolutionGuid = {848AD305-3938-4EDE-A64B-4BCD329A2C55}
	EndGlobalSection
EndGlobal
